
Microsoft Visual Studio Solution File, Format Version 12.00
# Visual Studio 15
VisualStudioVersion = 15.0.28307.329
MinimumVisualStudioVersion = 10.0.40219.1
Project("{FAE04EC0-301F-11D3-BF4B-00C04F79EFBC}") = "TMGReportManager", "TMGReportManager\TMGReportManager.csproj", "{E7049AF8-234E-4D86-8766-202201DE60D0}"
EndProject
Global
	GlobalSection(SolutionConfigurationPlatforms) = preSolution
		Debug|Any CPU = Debug|Any CPU
		Release|Any CPU = Release|Any CPU
	EndGlobalSection
	GlobalSection(ProjectConfigurationPlatforms) = postSolution
		{E7049AF8-234E-4D86-8766-202201DE60D0}.Debug|Any CPU.ActiveCfg = Debug|Any CPU
		{E7049AF8-234E-4D86-8766-202201DE60D0}.Debug|Any CPU.Build.0 = Debug|Any CPU
		{E7049AF8-234E-4D86-8766-202201DE60D0}.Release|Any CPU.ActiveCfg = Release|Any CPU
		{E7049AF8-234E-4D86-8766-202201DE60D0}.Release|Any CPU.Build.0 = Release|Any CPU
	EndGlobalSection
	GlobalSection(SolutionProperties) = preSolution
		HideSolutionNode = FALSE
	EndGlobalSection
	GlobalSection(ExtensibilityGlobals) = postSolution
		SolutionGuid = {7F7FBDA2-B363-4EA2-B55A-33C5F1CE3FE2}
	EndGlobalSection
EndGlobal
